
Microsoft Visual Studio Solution File, Format Version 12.00
# Visual Studio 15
VisualStudioVersion = 15.0.28307.902
MinimumVisualStudioVersion = 10.0.40219.1
Project("{FAE04EC0-301F-11D3-BF4B-00C04F79EFBC}") = "WebApplication1", "WebApplication1\WebApplication1.csproj", "{F331496D-3D9D-42D0-82B6-07A5B2678EDE}"
EndProject
Global
	GlobalSection(SolutionConfigurationPlatforms) = preSolution
		Debug|Any CPU = Debug|Any CPU
		Release|Any CPU = Release|Any CPU
	EndGlobalSection
	GlobalSection(ProjectConfigurationPlatforms) = postSolution
		{F331496D-3D9D-42D0-82B6-07A5B2678EDE}.Debug|Any CPU.ActiveCfg = Debug|Any CPU
		{F331496D-3D9D-42D0-82B6-07A5B2678EDE}.Debug|Any CPU.Build.0 = Debug|Any CPU
		{F331496D-3D9D-42D0-82B6-07A5B2678EDE}.Release|Any CPU.ActiveCfg = Release|Any CPU
		{F331496D-3D9D-42D0-82B6-07A5B2678EDE}.Release|Any CPU.Build.0 = Release|Any CPU
	EndGlobalSection
	GlobalSection(SolutionProperties) = preSolution
		HideSolutionNode = FALSE
	EndGlobalSection
	GlobalSection(ExtensibilityGlobals) = postSolution
		SolutionGuid = {53C65309-53F9-475A-B74F-E92864554C37}
	EndGlobalSection
EndGlobal
